{
  "originHash" : "5c0371541045e9df920c4244100227165522139f73ef92cf328fc5c6426041c7",
  "pins" : [
    {
      "identity" : "jnetworking",
      "kind" : "remoteSourceControl",
      "location" : "https://github.com/JordanHaer/jNetworking",
      "state" : {
        "branch" : "nobeaver",
        "revision" : "9da03ff24e567e904d93a86274c03619119e410c"
      }
    }
  ],
  "version" : 3
}
